// !$*UTF8*$!
{
	archiveVersion = 1;
	classes = {
	};
	objectVersion = 77;
	objects = {

/* Begin PBXContainerItemProxy section */
		927555672CC4EF6900BAC0ED /* PBXContainerItemProxy */ = {
			isa = PBXContainerItemProxy;
			containerPortal = 9275554E2CC4EF6900BAC0ED /* Project object */;
			proxyType = 1;
			remoteGlobalIDString = 927555552CC4EF6900BAC0ED;
			remoteInfo = PlantsReminder;
		};
		927555712CC4EF6900BAC0ED /* PBXContainerItemProxy */ = {
			isa = PBXContainerItemProxy;
			containerPortal = 9275554E2CC4EF6900BAC0ED /* Project object */;
			proxyType = 1;
			remoteGlobalIDString = 927555552CC4EF6900BAC0ED;
			remoteInfo = PlantsReminder;
		};
/* End PBXContainerItemProxy section */

/* Begin PBXFileReference section */
		927555562CC4EF6900BAC0ED /* PlantsReminder.app */ = {isa = PBXFileReference; explicitFileType = wrapper.application; includeInIndex = 0; path = PlantsReminder.app; sourceTree = BUILT_PRODUCTS_DIR; };
		927555662CC4EF6900BAC0ED /* PlantsReminderTests.xctest */ = {isa = PBXFileReference; explicitFileType = wrapper.cfbundle; includeInIndex = 0; path = PlantsReminderTests.xctest; sourceTree = BUILT_PRODUCTS_DIR; };
		927555702CC4EF6900BAC0ED /* PlantsReminderUITests.xctest */ = {isa = PBXFileReference; explicitFileType = wrapper.cfbundle; includeInIndex = 0; path = PlantsReminderUITests.xctest; sourceTree = BUILT_PRODUCTS_DIR; };
/* End PBXFileReference section */

/* Begin PBXFileSystemSynchronizedRootGroup section */
		927555582CC4EF6900BAC0ED /* PlantsReminder */ = {
			isa = PBXFileSystemSynchronizedRootGroup;
			path = PlantsReminder;
			sourceTree = "<group>";
		};
		927555692CC4EF6900BAC0ED /* PlantsReminderTests */ = {
			isa = PBXFileSystemSynchronizedRootGroup;
			path = PlantsReminderTests;
			sourceTree = "<group>";
		};
		927555732CC4EF6900BAC0ED /* PlantsReminderUITests */ = {
			isa = PBXFileSystemSynchronizedRootGroup;
			path = PlantsReminderUITests;
			sourceTree = "<group>";
		};
/* End PBXFileSystemSynchronizedRootGroup section */

/* Begin PBXFrameworksBuildPhase section */
		927555532CC4EF6900BAC0ED /* Frameworks */ = {
			isa = PBXFrameworksBuildPhase;
			buildActionMask = 2147483647;
			files = (
			);
			runOnlyForDeploymentPostprocessing = 0;
		};
		927555632CC4EF6900BAC0ED /* Frameworks */ = {
			isa = PBXFrameworksBuildPhase;
			buildActionMask = 2147483647;
			files = (
			);
			runOnlyForDeploymentPostprocessing = 0;
		};
		9275556D2CC4EF6900BAC0ED /* Frameworks */ = {
			isa = PBXFrameworksBuildPhase;
			buildActionMask = 2147483647;
			files = (
			);
			runOnlyForDeploymentPostprocessing = 0;
		};
/* End PBXFrameworksBuildPhase section */

/* Begin PBXGroup section */
		9275554D2CC4EF6900BAC0ED = {
			isa = PBXGroup;
			children = (
				927555582CC4EF6900BAC0ED /* PlantsReminder */,
				927555692CC4EF6900BAC0ED /* PlantsReminderTests */,
				927555732CC4EF6900BAC0ED /* PlantsReminderUITests */,
				927555572CC4EF6900BAC0ED /* Products */,
			);
			sourceTree = "<group>";
		};
		927555572CC4EF6900BAC0ED /* Products */ = {
			isa = PBXGroup;
			children = (
				927555562CC4EF6900BAC0ED /* PlantsReminder.app */,
				927555662CC4EF6900BAC0ED /* PlantsReminderTests.xctest */,
				927555702CC4EF6900BAC0ED /* PlantsReminderUITests.xctest */,
			);
			name = Products;
			sourceTree = "<group>";
		};
/* End PBXGroup section */

/* Begin PBXNativeTarget section */
		927555552CC4EF6900BAC0ED /* PlantsReminder */ = {
			isa = PBXNativeTarget;
			buildConfigurationList = 9275557A2CC4EF6900BAC0ED /* Build configuration list for PBXNativeTarget "PlantsReminder" */;
			buildPhases = (
				927555522CC4EF6900BAC0ED /* Sources */,
				927555532CC4EF6900BAC0ED /* Frameworks */,
				927555542CC4EF6900BAC0ED /* Resources */,
			);
			buildRules = (
			);
			dependencies = (
			);
			fileSystemSynchronizedGroups = (
				927555582CC4EF6900BAC0ED /* PlantsReminder */,
			);
			name = PlantsReminder;
			packageProductDependencies = (
			);
			productName = PlantsReminder;
			productReference = 927555562CC4EF6900BAC0ED /* PlantsReminder.app */;
			productType = "com.apple.product-type.application";
		};
		927555652CC4EF6900BAC0ED /* PlantsReminderTests */ = {
			isa = PBXNativeTarget;
			buildConfigurationList = 9275557D2CC4EF6900BAC0ED /* Build configuration list for PBXNativeTarget "PlantsReminderTests" */;
			buildPhases = (
				927555622CC4EF6900BAC0ED /* Sources */,
				927555632CC4EF6900BAC0ED /* Frameworks */,
				927555642CC4EF6900BAC0ED /* Resources */,
			);
			buildRules = (
			);
			dependencies = (
				927555682CC4EF6900BAC0ED /* PBXTargetDependency */,
			);
			fileSystemSynchronizedGroups = (
				927555692CC4EF6900BAC0ED /* PlantsReminderTests */,
			);
			name = PlantsReminderTests;
			packageProductDependencies = (
			);
			productName = PlantsReminderTests;
			productReference = 927555662CC4EF6900BAC0ED /* PlantsReminderTests.xctest */;
			productType = "com.apple.product-type.bundle.unit-test";
		};
		9275556F2CC4EF6900BAC0ED /* PlantsReminderUITests */ = {
			isa = PBXNativeTarget;
			buildConfigurationList = 927555802CC4EF6900BAC0ED /* Build configuration list for PBXNativeTarget "PlantsReminderUITests" */;
			buildPhases = (
				9275556C2CC4EF6900BAC0ED /* Sources */,
				9275556D2CC4EF6900BAC0ED /* Frameworks */,
				9275556E2CC4EF6900BAC0ED /* Resources */,
			);
			buildRules = (
			);
			dependencies = (
				927555722CC4EF6900BAC0ED /* PBXTargetDependency */,
			);
			fileSystemSynchronizedGroups = (
				927555732CC4EF6900BAC0ED /* PlantsReminderUITests */,
			);
			name = PlantsReminderUITests;
			packageProductDependencies = (
			);
			productName = PlantsReminderUITests;
			productReference = 927555702CC4EF6900BAC0ED /* PlantsReminderUITests.xctest */;
			productType = "com.apple.product-type.bundle.ui-testing";
		};
/* End PBXNativeTarget section */

/* Begin PBXProject section */
		9275554E2CC4EF6900BAC0ED /* Project object */ = {
			isa = PBXProject;
			attributes = {
				BuildIndependentTargetsInParallel = 1;
				LastSwiftUpdateCheck = 1600;
				LastUpgradeCheck = 1600;
				TargetAttributes = {
					927555552CC4EF6900BAC0ED = {
						CreatedOnToolsVersion = 16.0;
					};
					927555652CC4EF6900BAC0ED = {
						CreatedOnToolsVersion = 16.0;
						TestTargetID = 927555552CC4EF6900BAC0ED;
					};
					9275556F2CC4EF6900BAC0ED = {
						CreatedOnToolsVersion = 16.0;
						TestTargetID = 927555552CC4EF6900BAC0ED;
					};
				};
			};
			buildConfigurationList = 927555512CC4EF6900BAC0ED /* Build configuration list for PBXProject "PlantsReminder" */;
			developmentRegion = en;
			hasScannedForEncodings = 0;
			knownRegions = (
				en,
				Base,
			);
			mainGroup = 9275554D2CC4EF6900BAC0ED;
			minimizedProjectReferenceProxies = 1;
			preferredProjectObjectVersion = 77;
			productRefGroup = 927555572CC4EF6900BAC0ED /* Products */;
			projectDirPath = "";
			projectRoot = "";
			targets = (
				927555552CC4EF6900BAC0ED /* PlantsReminder */,
				927555652CC4EF6900BAC0ED /* PlantsReminderTests */,
				9275556F2CC4EF6900BAC0ED /* PlantsReminderUITests */,
			);
		};
/* End PBXProject section */

/* Begin PBXResourcesBuildPhase section */
		927555542CC4EF6900BAC0ED /* Resources */ = {
			isa = PBXResourcesBuildPhase;
			buildActionMask = 2147483647;
			files = (
			);
			runOnlyForDeploymentPostprocessing = 0;
		};
		927555642CC4EF6900BAC0ED /* Resources */ = {
			isa = PBXResourcesBuildPhase;
			buildActionMask = 2147483647;
			files = (
			);
			runOnlyForDeploymentPostprocessing = 0;
		};
		9275556E2CC4EF6900BAC0ED /* Resources */ = {
			isa = PBXResourcesBuildPhase;
			buildActionMask = 2147483647;
			files = (
			);
			runOnlyForDeploymentPostprocessing = 0;
		};
/* End PBXResourcesBuildPhase section */

/* Begin PBXSourcesBuildPhase section */
		927555522CC4EF6900BAC0ED /* Sources */ = {
			isa = PBXSourcesBuildPhase;
			buildActionMask = 2147483647;
			files = (
			);
			runOnlyForDeploymentPostprocessing = 0;
		};
		927555622CC4EF6900BAC0ED /* Sources */ = {
			isa = PBXSourcesBuildPhase;
			buildActionMask = 2147483647;
			files = (
			);
			runOnlyForDeploymentPostprocessing = 0;
		};
		9275556C2CC4EF6900BAC0ED /* Sources */ = {
			isa = PBXSourcesBuildPhase;
			buildActionMask = 2147483647;
			files = (
			);
			runOnlyForDeploymentPostprocessing = 0;
		};
/* End PBXSourcesBuildPhase section */

/* Begin PBXTargetDependency section */
		927555682CC4EF6900BAC0ED /* PBXTargetDependency */ = {
			isa = PBXTargetDependency;
			target = 927555552CC4EF6900BAC0ED /* PlantsReminder */;
			targetProxy = 927555672CC4EF6900BAC0ED /* PBXContainerItemProxy */;
		};
		927555722CC4EF6900BAC0ED /* PBXTargetDependency */ = {
			isa = PBXTargetDependency;
			target = 927555552CC4EF6900BAC0ED /* PlantsReminder */;
			targetProxy = 927555712CC4EF6900BAC0ED /* PBXContainerItemProxy */;
		};
/* End PBXTargetDependency section */

/* Begin XCBuildConfiguration section */
		927555782CC4EF6900BAC0ED /* Debug */ = {
			isa = XCBuildConfiguration;
			buildSettings = {
				ALWAYS_SEARCH_USER_PATHS = NO;
				ASSETCATALOG_COMPILER_GENERATE_SWIFT_ASSET_SYMBOL_EXTENSIONS = YES;
				CLANG_ANALYZER_NONNULL = YES;
				CLANG_ANALYZER_NUMBER_OBJECT_CONVERSION = YES_AGGRESSIVE;
				CLANG_CXX_LANGUAGE_STANDARD = "gnu++20";
				CLANG_ENABLE_MODULES = YES;
				CLANG_ENABLE_OBJC_ARC = YES;
				CLANG_ENABLE_OBJC_WEAK = YES;
				CLANG_WARN_BLOCK_CAPTURE_AUTORELEASING = YES;
				CLANG_WARN_BOOL_CONVERSION = YES;
				CLANG_WARN_COMMA = YES;
				CLANG_WARN_CONSTANT_CONVERSION = YES;
				CLANG_WARN_DEPRECATED_OBJC_IMPLEMENTATIONS = YES;
				CLANG_WARN_DIRECT_OBJC_ISA_USAGE = YES_ERROR;
				CLANG_WARN_DOCUMENTATION_COMMENTS = YES;
				CLANG_WARN_EMPTY_BODY = YES;
				CLANG_WARN_ENUM_CONVERSION = YES;
				CLANG_WARN_INFINITE_RECURSION = YES;
				CLANG_WARN_INT_CONVERSION = YES;
				CLANG_WARN_NON_LITERAL_NULL_CONVERSION = YES;
				CLANG_WARN_OBJC_IMPLICIT_RETAIN_SELF = YES;
				CLANG_WARN_OBJC_LITERAL_CONVERSION = YES;
				CLANG_WARN_OBJC_ROOT_CLASS = YES_ERROR;
				CLANG_WARN_QUOTED_INCLUDE_IN_FRAMEWORK_HEADER = YES;
				CLANG_WARN_RANGE_LOOP_ANALYSIS = YES;
				CLANG_WARN_STRICT_PROTOTYPES = YES;
				CLANG_WARN_SUSPICIOUS_MOVE = YES;
				CLANG_WARN_UNGUARDED_AVAILABILITY = YES_AGGRESSIVE;
				CLANG_WARN_UNREACHABLE_CODE = YES;
				CLANG_WARN__DUPLICATE_METHOD_MATCH = YES;
				COPY_PHASE_STRIP = NO;
				DEBUG_INFORMATION_FORMAT = dwarf;
				ENABLE_STRICT_OBJC_MSGSEND = YES;
				ENABLE_TESTABILITY = YES;
				ENABLE_USER_SCRIPT_SANDBOXING = YES;
				GCC_C_LANGUAGE_STANDARD = gnu17;
				GCC_DYNAMIC_NO_PIC = NO;
				GCC_NO_COMMON_BLOCKS = YES;
				GCC_OPTIMIZATION_LEVEL = 0;
				GCC_PREPROCESSOR_DEFINITIONS = (
					"DEBUG=1",
					"$(inherited)",
				);
				GCC_WARN_64_TO_32_BIT_CONVERSION = YES;
				GCC_WARN_ABOUT_RETURN_TYPE = YES_ERROR;
				GCC_WARN_UNDECLARED_SELECTOR = YES;
				GCC_WARN_UNINITIALIZED_AUTOS = YES_AGGRESSIVE;
				GCC_WARN_UNUSED_FUNCTION = YES;
				GCC_WARN_UNUSED_VARIABLE = YES;
				IPHONEOS_DEPLOYMENT_TARGET = 18.0;
				LOCALIZATION_PREFERS_STRING_CATALOGS = YES;
				MTL_ENABLE_DEBUG_INFO = INCLUDE_SOURCE;
				MTL_FAST_MATH = YES;
				ONLY_ACTIVE_ARCH = YES;
				SDKROOT = iphoneos;
				SWIFT_ACTIVE_COMPILATION_CONDITIONS = "DEBUG $(inherited)";
				SWIFT_OPTIMIZATION_LEVEL = "-Onone";
			};
			name = Debug;
		};
		927555792CC4EF6900BAC0ED /* Release */ = {
			isa = XCBuildConfiguration;
			buildSettings = {
				ALWAYS_SEARCH_USER_PATHS = NO;
				ASSETCATALOG_COMPILER_GENERATE_SWIFT_ASSET_SYMBOL_EXTENSIONS = YES;
				CLANG_ANALYZER_NONNULL = YES;
				CLANG_ANALYZER_NUMBER_OBJECT_CONVERSION = YES_AGGRESSIVE;
				CLANG_CXX_LANGUAGE_STANDARD = "gnu++20";
				CLANG_ENABLE_MODULES = YES;
				CLANG_ENABLE_OBJC_ARC = YES;
				CLANG_ENABLE_OBJC_WEAK = YES;
				CLANG_WARN_BLOCK_CAPTURE_AUTORELEASING = YES;
				CLANG_WARN_BOOL_CONVERSION = YES;
				CLANG_WARN_COMMA = YES;
				CLANG_WARN_CONSTANT_CONVERSION = YES;
				CLANG_WARN_DEPRECATED_OBJC_IMPLEMENTATIONS = YES;
				CLANG_WARN_DIRECT_OBJC_ISA_USAGE = YES_ERROR;
				CLANG_WARN_DOCUMENTATION_COMMENTS = YES;
				CLANG_WARN_EMPTY_BODY = YES;
				CLANG_WARN_ENUM_CONVERSION = YES;
				CLANG_WARN_INFINITE_RECURSION = YES;
				CLANG_WARN_INT_CONVERSION = YES;
				CLANG_WARN_NON_LITERAL_NULL_CONVERSION = YES;
				CLANG_WARN_OBJC_IMPLICIT_RETAIN_SELF = YES;
				CLANG_WARN_OBJC_LITERAL_CONVERSION = YES;
				CLANG_WARN_OBJC_ROOT_CLASS = YES_ERROR;
				CLANG_WARN_QUOTED_INCLUDE_IN_FRAMEWORK_HEADER = YES;
				CLANG_WARN_RANGE_LOOP_ANALYSIS = YES;
				CLANG_WARN_STRICT_PROTOTYPES = YES;
				CLANG_WARN_SUSPICIOUS_MOVE = YES;
				CLANG_WARN_UNGUARDED_AVAILABILITY = YES_AGGRESSIVE;
				CLANG_WARN_UNREACHABLE_CODE = YES;
				CLANG_WARN__DUPLICATE_METHOD_MATCH = YES;
				COPY_PHASE_STRIP = NO;
				DEBUG_INFORMATION_FORMAT = "dwarf-with-dsym";
				ENABLE_NS_ASSERTIONS = NO;
				ENABLE_STRICT_OBJC_MSGSEND = YES;
				ENABLE_USER_SCRIPT_SANDBOXING = YES;
				GCC_C_LANGUAGE_STANDARD = gnu17;
				GCC_NO_COMMON_BLOCKS = YES;
				GCC_WARN_64_TO_32_BIT_CONVERSION = YES;
				GCC_WARN_ABOUT_RETURN_TYPE = YES_ERROR;
				GCC_WARN_UNDECLARED_SELECTOR = YES;
				GCC_WARN_UNINITIALIZED_AUTOS = YES_AGGRESSIVE;
				GCC_WARN_UNUSED_FUNCTION = YES;
				GCC_WARN_UNUSED_VARIABLE = YES;
				IPHONEOS_DEPLOYMENT_TARGET = 18.0;
				LOCALIZATION_PREFERS_STRING_CATALOGS = YES;
				MTL_ENABLE_DEBUG_INFO = NO;
				MTL_FAST_MATH = YES;
				SDKROOT = iphoneos;
				SWIFT_COMPILATION_MODE = wholemodule;
				VALIDATE_PRODUCT = YES;
			};
			name = Release;
		};
		9275557B2CC4EF6900BAC0ED /* Debug */ = {
			isa = XCBuildConfiguration;
			buildSettings = {
				ASSETCATALOG_COMPILER_APPICON_NAME = AppIcon;
				ASSETCATALOG_COMPILER_GLOBAL_ACCENT_COLOR_NAME = AccentColor;
				CODE_SIGN_STYLE = Automatic;
				CURRENT_PROJECT_VERSION = 1;
				DEVELOPMENT_ASSET_PATHS = "\"PlantsReminder/Preview Content\"";
				ENABLE_PREVIEWS = YES;
				GENERATE_INFOPLIST_FILE = YES;
				INFOPLIST_KEY_UIApplicationSceneManifest_Generation = YES;
				INFOPLIST_KEY_UIApplicationSupportsIndirectInputEvents = YES;
				INFOPLIST_KEY_UILaunchScreen_Generation = YES;
				INFOPLIST_KEY_UISupportedInterfaceOrientations_iPad = "UIInterfaceOrientationPortrait UIInterfaceOrientationPortraitUpsideDown UIInterfaceOrientationLandscapeLeft UIInterfaceOrientationLandscapeRight";
				INFOPLIST_KEY_UISupportedInterfaceOrientations_iPhone = "UIInterfaceOrientationPortrait UIInterfaceOrientationLandscapeLeft UIInterfaceOrientationLandscapeRight";
				LD_RUNPATH_SEARCH_PATHS = (
					"$(inherited)",
					"@executable_path/Frameworks",
				);
				MARKETING_VERSION = 1.0;
				PRODUCT_BUNDLE_IDENTIFIER = com.saffanah.PlantsReminder;
				PRODUCT_NAME = "$(TARGET_NAME)";
				SWIFT_EMIT_LOC_STRINGS = YES;
				SWIFT_VERSION = 5.0;
				TARGETED_DEVICE_FAMILY = "1,2";
			};
			name = Debug;
		};
		9275557C2CC4EF6900BAC0ED /* Release */ = {
			isa = XCBuildConfiguration;
			buildSettings = {
				ASSETCATALOG_COMPILER_APPICON_NAME = AppIcon;
				ASSETCATALOG_COMPILER_GLOBAL_ACCENT_COLOR_NAME = AccentColor;
				CODE_SIGN_STYLE = Automatic;
				CURRENT_PROJECT_VERSION = 1;
				DEVELOPMENT_ASSET_PATHS = "\"PlantsReminder/Preview Content\"";
				ENABLE_PREVIEWS = YES;
				GENERATE_INFOPLIST_FILE = YES;
				INFOPLIST_KEY_UIApplicationSceneManifest_Generation = YES;
				INFOPLIST_KEY_UIApplicationSupportsIndirectInputEvents = YES;
				INFOPLIST_KEY_UILaunchScreen_Generation = YES;
				INFOPLIST_KEY_UISupportedInterfaceOrientations_iPad = "UIInterfaceOrientationPortrait UIInterfaceOrientationPortraitUpsideDown UIInterfaceOrientationLandscapeLeft UIInterfaceOrientationLandscapeRight";
				INFOPLIST_KEY_UISupportedInterfaceOrientations_iPhone = "UIInterfaceOrientationPortrait UIInterfaceOrientationLandscapeLeft UIInterfaceOrientationLandscapeRight";
				LD_RUNPATH_SEARCH_PATHS = (
					"$(inherited)",
					"@executable_path/Frameworks",
				);
				MARKETING_VERSION = 1.0;
				PRODUCT_BUNDLE_IDENTIFIER = com.saffanah.PlantsReminder;
				PRODUCT_NAME = "$(TARGET_NAME)";
				SWIFT_EMIT_LOC_STRINGS = YES;
				SWIFT_VERSION = 5.0;
				TARGETED_DEVICE_FAMILY = "1,2";
			};
			name = Release;
		};
		9275557E2CC4EF6900BAC0ED /* Debug */ = {
			isa = XCBuildConfiguration;
			buildSettings = {
				BUNDLE_LOADER = "$(TEST_HOST)";
				CODE_SIGN_STYLE = Automatic;
				CURRENT_PROJECT_VERSION = 1;
				GENERATE_INFOPLIST_FILE = YES;
				IPHONEOS_DEPLOYMENT_TARGET = 18.0;
				MARKETING_VERSION = 1.0;
				PRODUCT_BUNDLE_IDENTIFIER = com.saffanah.PlantsReminderTests;
				PRODUCT_NAME = "$(TARGET_NAME)";
				SWIFT_EMIT_LOC_STRINGS = NO;
				SWIFT_VERSION = 5.0;
				TARGETED_DEVICE_FAMILY = "1,2";
				TEST_HOST = "$(BUILT_PRODUCTS_DIR)/PlantsReminder.app/$(BUNDLE_EXECUTABLE_FOLDER_PATH)/PlantsReminder";
			};
			name = Debug;
		};
		9275557F2CC4EF6900BAC0ED /* Release */ = {
			isa = XCBuildConfiguration;
			buildSettings = {
				BUNDLE_LOADER = "$(TEST_HOST)";
				CODE_SIGN_STYLE = Automatic;
				CURRENT_PROJECT_VERSION = 1;
				GENERATE_INFOPLIST_FILE = YES;
				IPHONEOS_DEPLOYMENT_TARGET = 18.0;
				MARKETING_VERSION = 1.0;
				PRODUCT_BUNDLE_IDENTIFIER = com.saffanah.PlantsReminderTests;
				PRODUCT_NAME = "$(TARGET_NAME)";
				SWIFT_EMIT_LOC_STRINGS = NO;
				SWIFT_VERSION = 5.0;
				TARGETED_DEVICE_FAMILY = "1,2";
				TEST_HOST = "$(BUILT_PRODUCTS_DIR)/PlantsReminder.app/$(BUNDLE_EXECUTABLE_FOLDER_PATH)/PlantsReminder";
			};
			name = Release;
		};
		927555812CC4EF6900BAC0ED /* Debug */ = {
			isa = XCBuildConfiguration;
			buildSettings = {
				CODE_SIGN_STYLE = Automatic;
				CURRENT_PROJECT_VERSION = 1;
				GENERATE_INFOPLIST_FILE = YES;
				MARKETING_VERSION = 1.0;
				PRODUCT_BUNDLE_IDENTIFIER = com.saffanah.PlantsReminderUITests;
				PRODUCT_NAME = "$(TARGET_NAME)";
				SWIFT_EMIT_LOC_STRINGS = NO;
				SWIFT_VERSION = 5.0;
				TARGETED_DEVICE_FAMILY = "1,2";
				TEST_TARGET_NAME = PlantsReminder;
			};
			name = Debug;
		};
		927555822CC4EF6900BAC0ED /* Release */ = {
			isa = XCBuildConfiguration;
			buildSettings = {
				CODE_SIGN_STYLE = Automatic;
				CURRENT_PROJECT_VERSION = 1;
				GENERATE_INFOPLIST_FILE = YES;
				MARKETING_VERSION = 1.0;
				PRODUCT_BUNDLE_IDENTIFIER = com.saffanah.PlantsReminderUITests;
				PRODUCT_NAME = "$(TARGET_NAME)";
				SWIFT_EMIT_LOC_STRINGS = NO;
				SWIFT_VERSION = 5.0;
				TARGETED_DEVICE_FAMILY = "1,2";
				TEST_TARGET_NAME = PlantsReminder;
			};
			name = Release;
		};
/* End XCBuildConfiguration section */

/* Begin XCConfigurationList section */
		927555512CC4EF6900BAC0ED /* Build configuration list for PBXProject "PlantsReminder" */ = {
			isa = XCConfigurationList;
			buildConfigurations = (
				927555782CC4EF6900BAC0ED /* Debug */,
				927555792CC4EF6900BAC0ED /* Release */,
			);
			defaultConfigurationIsVisible = 0;
			defaultConfigurationName = Release;
		};
		9275557A2CC4EF6900BAC0ED /* Build configuration list for PBXNativeTarget "PlantsReminder" */ = {
			isa = XCConfigurationList;
			buildConfigurations = (
				9275557B2CC4EF6900BAC0ED /* Debug */,
				9275557C2CC4EF6900BAC0ED /* Release */,
			);
			defaultConfigurationIsVisible = 0;
			defaultConfigurationName = Release;
		};
		9275557D2CC4EF6900BAC0ED /* Build configuration list for PBXNativeTarget "PlantsReminderTests" */ = {
			isa = XCConfigurationList;
			buildConfigurations = (
				9275557E2CC4EF6900BAC0ED /* Debug */,
				9275557F2CC4EF6900BAC0ED /* Release */,
			);
			defaultConfigurationIsVisible = 0;
			defaultConfigurationName = Release;
		};
		927555802CC4EF6900BAC0ED /* Build configuration list for PBXNativeTarget "PlantsReminderUITests" */ = {
			isa = XCConfigurationList;
			buildConfigurations = (
				927555812CC4EF6900BAC0ED /* Debug */,
				927555822CC4EF6900BAC0ED /* Release */,
			);
			defaultConfigurationIsVisible = 0;
			defaultConfigurationName = Release;
		};
/* End XCConfigurationList section */
	};
	rootObject = 9275554E2CC4EF6900BAC0ED /* Project object */;
}
